{
  "name": "app_generator",
  "lockfileVersion": 2,
  "requires": true,
  "packages": {
    "": {
      "dependencies": {
        "highlight.js": "^11.5.1"
      }
    },
    "node_modules/highlight.js": {
      "version": "11.5.1",
      "resolved": "https://registry.npmjs.org/highlight.js/-/highlight.js-11.5.1.tgz",
      "integrity": "sha512-LKzHqnxr4CrD2YsNoIf/o5nJ09j4yi/GcH5BnYz9UnVpZdS4ucMgvP61TDty5xJcFGRjnH4DpujkS9bHT3hq0Q==",
      "engines": {
        "node": ">=12.0.0"
      }
    }
  },
  "dependencies": {
    "highlight.js": {
      "version": "11.5.1",
      "resolved": "https://registry.npmjs.org/highlight.js/-/highlight.js-11.5.1.tgz",
      "integrity": "sha512-LKzHqnxr4CrD2YsNoIf/o5nJ09j4yi/GcH5BnYz9UnVpZdS4ucMgvP61TDty5xJcFGRjnH4DpujkS9bHT3hq0Q=="
    }
  }
}
